
Microsoft Visual Studio Solution File, Format Version 12.00
# Visual Studio 14
VisualStudioVersion = 14.0.25123.0
MinimumVisualStudioVersion = 10.0.40219.1
Project("{FAE04EC0-301F-11D3-BF4B-00C04F79EFBC}") = "Medit", "Medit\Medit.csproj", "{4BF9AD23-BB00-42DE-AA86-6979D93FE857}"
EndProject
Project("{FAE04EC0-301F-11D3-BF4B-00C04F79EFBC}") = "BussinessLayer", "BussinessLayer\BussinessLayer.csproj", "{62713A73-611F-45F1-B231-B03D273D12C6}"
EndProject
Project("{FAE04EC0-301F-11D3-BF4B-00C04F79EFBC}") = "DataEntities", "DataEntities\DataEntities.csproj", "{07F6448A-CBED-4D73-88B1-4F58DDA8F0E9}"
EndProject
Project("{FAE04EC0-301F-11D3-BF4B-00C04F79EFBC}") = "DataModel", "DataModel\DataModel.csproj", "{270C713C-8897-48F2-90B8-097108A9641E}"
EndProject
Global
	GlobalSection(SolutionConfigurationPlatforms) = preSolution
		Debug|Any CPU = Debug|Any CPU
		Release|Any CPU = Release|Any CPU
	EndGlobalSection
	GlobalSection(ProjectConfigurationPlatforms) = postSolution
		{4BF9AD23-BB00-42DE-AA86-6979D93FE857}.Debug|Any CPU.ActiveCfg = Debug|Any CPU
		{4BF9AD23-BB00-42DE-AA86-6979D93FE857}.Debug|Any CPU.Build.0 = Debug|Any CPU
		{4BF9AD23-BB00-42DE-AA86-6979D93FE857}.Release|Any CPU.ActiveCfg = Release|Any CPU
		{4BF9AD23-BB00-42DE-AA86-6979D93FE857}.Release|Any CPU.Build.0 = Release|Any CPU
		{62713A73-611F-45F1-B231-B03D273D12C6}.Debug|Any CPU.ActiveCfg = Debug|Any CPU
		{62713A73-611F-45F1-B231-B03D273D12C6}.Debug|Any CPU.Build.0 = Debug|Any CPU
		{62713A73-611F-45F1-B231-B03D273D12C6}.Release|Any CPU.ActiveCfg = Release|Any CPU
		{62713A73-611F-45F1-B231-B03D273D12C6}.Release|Any CPU.Build.0 = Release|Any CPU
		{07F6448A-CBED-4D73-88B1-4F58DDA8F0E9}.Debug|Any CPU.ActiveCfg = Debug|Any CPU
		{07F6448A-CBED-4D73-88B1-4F58DDA8F0E9}.Debug|Any CPU.Build.0 = Debug|Any CPU
		{07F6448A-CBED-4D73-88B1-4F58DDA8F0E9}.Release|Any CPU.ActiveCfg = Release|Any CPU
		{07F6448A-CBED-4D73-88B1-4F58DDA8F0E9}.Release|Any CPU.Build.0 = Release|Any CPU
		{270C713C-8897-48F2-90B8-097108A9641E}.Debug|Any CPU.ActiveCfg = Debug|Any CPU
		{270C713C-8897-48F2-90B8-097108A9641E}.Debug|Any CPU.Build.0 = Debug|Any CPU
		{270C713C-8897-48F2-90B8-097108A9641E}.Release|Any CPU.ActiveCfg = Release|Any CPU
		{270C713C-8897-48F2-90B8-097108A9641E}.Release|Any CPU.Build.0 = Release|Any CPU
	EndGlobalSection
	GlobalSection(SolutionProperties) = preSolution
		HideSolutionNode = FALSE
	EndGlobalSection
EndGlobal
